// !$*UTF8*$!
{
	archiveVersion = 1;
	classes = {
	};
	objectVersion = 55;
	objects = {

/* Begin PBXBuildFile section */
		3FD0ED0FACEEF9C390B73BEF /* Pods_Pizza.framework in Frameworks */ = {isa = PBXBuildFile; fileRef = AF8212C4E0057496D9262977 /* Pods_Pizza.framework */; };
		4846A35829DCAA0600F5A619 /* MenuVcBuilder.swift in Sources */ = {isa = PBXBuildFile; fileRef = 4846A35729DCAA0600F5A619 /* MenuVcBuilder.swift */; };
		4846A35B29DCAA9200F5A619 /* MenuVcPresenter.swift in Sources */ = {isa = PBXBuildFile; fileRef = 4846A35A29DCAA9200F5A619 /* MenuVcPresenter.swift */; };
		4847634129DAF22A00496CA5 /* MenuView.swift in Sources */ = {isa = PBXBuildFile; fileRef = 4847634029DAF22A00496CA5 /* MenuView.swift */; };
		4847634429DAF4B000496CA5 /* ProductTableViewCell.swift in Sources */ = {isa = PBXBuildFile; fileRef = 4847634329DAF4B000496CA5 /* ProductTableViewCell.swift */; };
		4847634629DB1C6B00496CA5 /* SelectCategoryCollectionViewCell.swift in Sources */ = {isa = PBXBuildFile; fileRef = 4847634529DB1C6B00496CA5 /* SelectCategoryCollectionViewCell.swift */; };
		4847634929DB215100496CA5 /* SelectCategoryCell.swift in Sources */ = {isa = PBXBuildFile; fileRef = 4847634829DB215100496CA5 /* SelectCategoryCell.swift */; };
		484CF5EB29DD58BE00A4E0DE /* GoogleService-Info.plist in Resources */ = {isa = PBXBuildFile; fileRef = 484CF5EA29DD58BE00A4E0DE /* GoogleService-Info.plist */; };
		484CF5ED29DD5CBE00A4E0DE /* NetworkManager.swift in Sources */ = {isa = PBXBuildFile; fileRef = 484CF5EC29DD5CBE00A4E0DE /* NetworkManager.swift */; };
		485645D429DBF52B00F8734A /* ProductType.swift in Sources */ = {isa = PBXBuildFile; fileRef = 485645D329DBF52B00F8734A /* ProductType.swift */; };
		485645DB29DBFA2C00F8734A /* Extention+UIColor.swift in Sources */ = {isa = PBXBuildFile; fileRef = 485645DA29DBFA2C00F8734A /* Extention+UIColor.swift */; };
		485645DD29DC006A00F8734A /* ProductModel.swift in Sources */ = {isa = PBXBuildFile; fileRef = 485645DC29DC006A00F8734A /* ProductModel.swift */; };
		486552DC29DA9E7000AFB1D3 /* AppDelegate.swift in Sources */ = {isa = PBXBuildFile; fileRef = 486552DB29DA9E7000AFB1D3 /* AppDelegate.swift */; };
		486552DE29DA9E7000AFB1D3 /* SceneDelegate.swift in Sources */ = {isa = PBXBuildFile; fileRef = 486552DD29DA9E7000AFB1D3 /* SceneDelegate.swift */; };
		486552E029DA9E7000AFB1D3 /* MenuViewController.swift in Sources */ = {isa = PBXBuildFile; fileRef = 486552DF29DA9E7000AFB1D3 /* MenuViewController.swift */; };
		486552E529DA9E7100AFB1D3 /* Assets.xcassets in Resources */ = {isa = PBXBuildFile; fileRef = 486552E429DA9E7100AFB1D3 /* Assets.xcassets */; };
		486552E829DA9E7100AFB1D3 /* LaunchScreen.storyboard in Resources */ = {isa = PBXBuildFile; fileRef = 486552E629DA9E7100AFB1D3 /* LaunchScreen.storyboard */; };
		486552F829DAA4D100AFB1D3 /* AppStartBuilder.swift in Sources */ = {isa = PBXBuildFile; fileRef = 486552F729DAA4D100AFB1D3 /* AppStartBuilder.swift */; };
		4865530229DAB49A00AFB1D3 /* CartVC.swift in Sources */ = {isa = PBXBuildFile; fileRef = 4865530129DAB49A00AFB1D3 /* CartVC.swift */; };
		4865530429DAB4BA00AFB1D3 /* ProfilVC.swift in Sources */ = {isa = PBXBuildFile; fileRef = 4865530329DAB4BA00AFB1D3 /* ProfilVC.swift */; };
		4865530629DAB4CF00AFB1D3 /* ContactVC.swift in Sources */ = {isa = PBXBuildFile; fileRef = 4865530529DAB4CF00AFB1D3 /* ContactVC.swift */; };
		48E29FAA29DC3A2500474D30 /* DiscounCollectionCell.swift in Sources */ = {isa = PBXBuildFile; fileRef = 48E29FA929DC3A2500474D30 /* DiscounCollectionCell.swift */; };
/* End PBXBuildFile section */

/* Begin PBXFileReference section */
		448B4EB9465BA294EC0172F3 /* Pods-Pizza.debug.xcconfig */ = {isa = PBXFileReference; includeInIndex = 1; lastKnownFileType = text.xcconfig; name = "Pods-Pizza.debug.xcconfig"; path = "Target Support Files/Pods-Pizza/Pods-Pizza.debug.xcconfig"; sourceTree = "<group>"; };
		4846A35729DCAA0600F5A619 /* MenuVcBuilder.swift */ = {isa = PBXFileReference; lastKnownFileType = sourcecode.swift; path = MenuVcBuilder.swift; sourceTree = "<group>"; };
		4846A35A29DCAA9200F5A619 /* MenuVcPresenter.swift */ = {isa = PBXFileReference; lastKnownFileType = sourcecode.swift; path = MenuVcPresenter.swift; sourceTree = "<group>"; };
		4847634029DAF22A00496CA5 /* MenuView.swift */ = {isa = PBXFileReference; lastKnownFileType = sourcecode.swift; path = MenuView.swift; sourceTree = "<group>"; };
		4847634329DAF4B000496CA5 /* ProductTableViewCell.swift */ = {isa = PBXFileReference; lastKnownFileType = sourcecode.swift; path = ProductTableViewCell.swift; sourceTree = "<group>"; };
		4847634529DB1C6B00496CA5 /* SelectCategoryCollectionViewCell.swift */ = {isa = PBXFileReference; lastKnownFileType = sourcecode.swift; path = SelectCategoryCollectionViewCell.swift; sourceTree = "<group>"; };
		4847634829DB215100496CA5 /* SelectCategoryCell.swift */ = {isa = PBXFileReference; lastKnownFileType = sourcecode.swift; path = SelectCategoryCell.swift; sourceTree = "<group>"; };
		484CF5EA29DD58BE00A4E0DE /* GoogleService-Info.plist */ = {isa = PBXFileReference; fileEncoding = 4; lastKnownFileType = text.plist.xml; path = "GoogleService-Info.plist"; sourceTree = "<group>"; };
		484CF5EC29DD5CBE00A4E0DE /* NetworkManager.swift */ = {isa = PBXFileReference; lastKnownFileType = sourcecode.swift; path = NetworkManager.swift; sourceTree = "<group>"; };
		485645D329DBF52B00F8734A /* ProductType.swift */ = {isa = PBXFileReference; lastKnownFileType = sourcecode.swift; path = ProductType.swift; sourceTree = "<group>"; };
		485645DA29DBFA2C00F8734A /* Extention+UIColor.swift */ = {isa = PBXFileReference; lastKnownFileType = sourcecode.swift; path = "Extention+UIColor.swift"; sourceTree = "<group>"; };
		485645DC29DC006A00F8734A /* ProductModel.swift */ = {isa = PBXFileReference; lastKnownFileType = sourcecode.swift; path = ProductModel.swift; sourceTree = "<group>"; };
		486552D829DA9E7000AFB1D3 /* Pizza.app */ = {isa = PBXFileReference; explicitFileType = wrapper.application; includeInIndex = 0; path = Pizza.app; sourceTree = BUILT_PRODUCTS_DIR; };
		486552DB29DA9E7000AFB1D3 /* AppDelegate.swift */ = {isa = PBXFileReference; lastKnownFileType = sourcecode.swift; path = AppDelegate.swift; sourceTree = "<group>"; };
		486552DD29DA9E7000AFB1D3 /* SceneDelegate.swift */ = {isa = PBXFileReference; lastKnownFileType = sourcecode.swift; path = SceneDelegate.swift; sourceTree = "<group>"; };
		486552DF29DA9E7000AFB1D3 /* MenuViewController.swift */ = {isa = PBXFileReference; lastKnownFileType = sourcecode.swift; path = MenuViewController.swift; sourceTree = "<group>"; };
		486552E429DA9E7100AFB1D3 /* Assets.xcassets */ = {isa = PBXFileReference; lastKnownFileType = folder.assetcatalog; path = Assets.xcassets; sourceTree = "<group>"; };
		486552E729DA9E7100AFB1D3 /* Base */ = {isa = PBXFileReference; lastKnownFileType = file.storyboard; name = Base; path = Base.lproj/LaunchScreen.storyboard; sourceTree = "<group>"; };
		486552E929DA9E7100AFB1D3 /* Info.plist */ = {isa = PBXFileReference; lastKnownFileType = text.plist.xml; path = Info.plist; sourceTree = "<group>"; };
		486552F729DAA4D100AFB1D3 /* AppStartBuilder.swift */ = {isa = PBXFileReference; lastKnownFileType = sourcecode.swift; path = AppStartBuilder.swift; sourceTree = "<group>"; };
		4865530129DAB49A00AFB1D3 /* CartVC.swift */ = {isa = PBXFileReference; lastKnownFileType = sourcecode.swift; path = CartVC.swift; sourceTree = "<group>"; };
		4865530329DAB4BA00AFB1D3 /* ProfilVC.swift */ = {isa = PBXFileReference; lastKnownFileType = sourcecode.swift; path = ProfilVC.swift; sourceTree = "<group>"; };
		4865530529DAB4CF00AFB1D3 /* ContactVC.swift */ = {isa = PBXFileReference; lastKnownFileType = sourcecode.swift; path = ContactVC.swift; sourceTree = "<group>"; };
		48E29FA929DC3A2500474D30 /* DiscounCollectionCell.swift */ = {isa = PBXFileReference; lastKnownFileType = sourcecode.swift; path = DiscounCollectionCell.swift; sourceTree = "<group>"; };
		AF8212C4E0057496D9262977 /* Pods_Pizza.framework */ = {isa = PBXFileReference; explicitFileType = wrapper.framework; includeInIndex = 0; path = Pods_Pizza.framework; sourceTree = BUILT_PRODUCTS_DIR; };
		FDAE9A7DD51BE9C96EFF9F79 /* Pods-Pizza.release.xcconfig */ = {isa = PBXFileReference; includeInIndex = 1; lastKnownFileType = text.xcconfig; name = "Pods-Pizza.release.xcconfig"; path = "Target Support Files/Pods-Pizza/Pods-Pizza.release.xcconfig"; sourceTree = "<group>"; };
/* End PBXFileReference section */

/* Begin PBXFrameworksBuildPhase section */
		486552D529DA9E7000AFB1D3 /* Frameworks */ = {
			isa = PBXFrameworksBuildPhase;
			buildActionMask = 2147483647;
			files = (
				3FD0ED0FACEEF9C390B73BEF /* Pods_Pizza.framework in Frameworks */,
			);
			runOnlyForDeploymentPostprocessing = 0;
		};
/* End PBXFrameworksBuildPhase section */

/* Begin PBXGroup section */
		4846A35629DCA9E200F5A619 /* Builder */ = {
			isa = PBXGroup;
			children = (
				4846A35729DCAA0600F5A619 /* MenuVcBuilder.swift */,
			);
			path = Builder;
			sourceTree = "<group>";
		};
		4846A35929DCAA5500F5A619 /* Presenter */ = {
			isa = PBXGroup;
			children = (
				4846A35A29DCAA9200F5A619 /* MenuVcPresenter.swift */,
			);
			path = Presenter;
			sourceTree = "<group>";
		};
		4847633F29DAF20C00496CA5 /* View */ = {
			isa = PBXGroup;
			children = (
				486552DF29DA9E7000AFB1D3 /* MenuViewController.swift */,
				4847634029DAF22A00496CA5 /* MenuView.swift */,
				485645DE29DC380C00F8734A /* Cell */,
			);
			path = View;
			sourceTree = "<group>";
		};
		485645D029DBEF8700F8734A /* Model */ = {
			isa = PBXGroup;
			children = (
				485645D529DBF6AE00F8734A /* NetworkManager */,
				485645D829DBF9EB00F8734A /* Extention */,
				485645D929DBFA1000F8734A /* Model */,
			);
			path = Model;
			sourceTree = "<group>";
		};
		485645D529DBF6AE00F8734A /* NetworkManager */ = {
			isa = PBXGroup;
			children = (
				484CF5EC29DD5CBE00A4E0DE /* NetworkManager.swift */,
			);
			path = NetworkManager;
			sourceTree = "<group>";
		};
		485645D829DBF9EB00F8734A /* Extention */ = {
			isa = PBXGroup;
			children = (
				485645DA29DBFA2C00F8734A /* Extention+UIColor.swift */,
			);
			path = Extention;
			sourceTree = "<group>";
		};
		485645D929DBFA1000F8734A /* Model */ = {
			isa = PBXGroup;
			children = (
				485645D329DBF52B00F8734A /* ProductType.swift */,
				485645DC29DC006A00F8734A /* ProductModel.swift */,
			);
			path = Model;
			sourceTree = "<group>";
		};
		485645DE29DC380C00F8734A /* Cell */ = {
			isa = PBXGroup;
			children = (
				4847634329DAF4B000496CA5 /* ProductTableViewCell.swift */,
				4847634529DB1C6B00496CA5 /* SelectCategoryCollectionViewCell.swift */,
				4847634829DB215100496CA5 /* SelectCategoryCell.swift */,
				48E29FA929DC3A2500474D30 /* DiscounCollectionCell.swift */,
			);
			path = Cell;
			sourceTree = "<group>";
		};
		486552CF29DA9E7000AFB1D3 = {
			isa = PBXGroup;
			children = (
				486552DA29DA9E7000AFB1D3 /* Pizza */,
				486552D929DA9E7000AFB1D3 /* Products */,
				6E776BAAE116C1315769DE7E /* Pods */,
				6565F6270693CA4637F3BF8E /* Frameworks */,
			);
			sourceTree = "<group>";
		};
		486552D929DA9E7000AFB1D3 /* Products */ = {
			isa = PBXGroup;
			children = (
				486552D829DA9E7000AFB1D3 /* Pizza.app */,
			);
			name = Products;
			sourceTree = "<group>";
		};
		486552DA29DA9E7000AFB1D3 /* Pizza */ = {
			isa = PBXGroup;
			children = (
				486552FC29DAB23400AFB1D3 /* Resources */,
				486552FD29DAB2E100AFB1D3 /* AppStartBuilder */,
				485645D029DBEF8700F8734A /* Model */,
				486552F929DAB1F500AFB1D3 /* Flows */,
			);
			path = Pizza;
			sourceTree = "<group>";
		};
		486552F929DAB1F500AFB1D3 /* Flows */ = {
			isa = PBXGroup;
			children = (
				486552FB29DAB21400AFB1D3 /* Menu */,
				486552FE29DAB3FC00AFB1D3 /* Contact */,
				486552FF29DAB41A00AFB1D3 /* Profil */,
				4865530029DAB42500AFB1D3 /* Cart */,
			);
			path = Flows;
			sourceTree = "<group>";
		};
		486552FB29DAB21400AFB1D3 /* Menu */ = {
			isa = PBXGroup;
			children = (
				4846A35629DCA9E200F5A619 /* Builder */,
				4847633F29DAF20C00496CA5 /* View */,
				4846A35929DCAA5500F5A619 /* Presenter */,
			);
			path = Menu;
			sourceTree = "<group>";
		};
		486552FC29DAB23400AFB1D3 /* Resources */ = {
			isa = PBXGroup;
			children = (
				484CF5EA29DD58BE00A4E0DE /* GoogleService-Info.plist */,
				486552DD29DA9E7000AFB1D3 /* SceneDelegate.swift */,
				486552DB29DA9E7000AFB1D3 /* AppDelegate.swift */,
				486552E629DA9E7100AFB1D3 /* LaunchScreen.storyboard */,
				486552E929DA9E7100AFB1D3 /* Info.plist */,
				486552E429DA9E7100AFB1D3 /* Assets.xcassets */,
			);
			path = Resources;
			sourceTree = "<group>";
		};
		486552FD29DAB2E100AFB1D3 /* AppStartBuilder */ = {
			isa = PBXGroup;
			children = (
				486552F729DAA4D100AFB1D3 /* AppStartBuilder.swift */,
			);
			path = AppStartBuilder;
			sourceTree = "<group>";
		};
		486552FE29DAB3FC00AFB1D3 /* Contact */ = {
			isa = PBXGroup;
			children = (
				4865530529DAB4CF00AFB1D3 /* ContactVC.swift */,
			);
			path = Contact;
			sourceTree = "<group>";
		};
		486552FF29DAB41A00AFB1D3 /* Profil */ = {
			isa = PBXGroup;
			children = (
				4865530329DAB4BA00AFB1D3 /* ProfilVC.swift */,
			);
			path = Profil;
			sourceTree = "<group>";
		};
		4865530029DAB42500AFB1D3 /* Cart */ = {
			isa = PBXGroup;
			children = (
				4865530129DAB49A00AFB1D3 /* CartVC.swift */,
			);
			path = Cart;
			sourceTree = "<group>";
		};
		6565F6270693CA4637F3BF8E /* Frameworks */ = {
			isa = PBXGroup;
			children = (
				AF8212C4E0057496D9262977 /* Pods_Pizza.framework */,
			);
			name = Frameworks;
			sourceTree = "<group>";
		};
		6E776BAAE116C1315769DE7E /* Pods */ = {
			isa = PBXGroup;
			children = (
				448B4EB9465BA294EC0172F3 /* Pods-Pizza.debug.xcconfig */,
				FDAE9A7DD51BE9C96EFF9F79 /* Pods-Pizza.release.xcconfig */,
			);
			path = Pods;
			sourceTree = "<group>";
		};
/* End PBXGroup section */

/* Begin PBXNativeTarget section */
		486552D729DA9E7000AFB1D3 /* Pizza */ = {
			isa = PBXNativeTarget;
			buildConfigurationList = 486552EC29DA9E7100AFB1D3 /* Build configuration list for PBXNativeTarget "Pizza" */;
			buildPhases = (
				723A7627355B2F6623059471 /* [CP] Check Pods Manifest.lock */,
				486552D429DA9E7000AFB1D3 /* Sources */,
				486552D529DA9E7000AFB1D3 /* Frameworks */,
				486552D629DA9E7000AFB1D3 /* Resources */,
				2AD945C0AD62C2494A352D30 /* [CP] Embed Pods Frameworks */,
			);
			buildRules = (
			);
			dependencies = (
			);
			name = Pizza;
			productName = Pizza;
			productReference = 486552D829DA9E7000AFB1D3 /* Pizza.app */;
			productType = "com.apple.product-type.application";
		};
/* End PBXNativeTarget section */

/* Begin PBXProject section */
		486552D029DA9E7000AFB1D3 /* Project object */ = {
			isa = PBXProject;
			attributes = {
				BuildIndependentTargetsInParallel = 1;
				LastSwiftUpdateCheck = 1320;
				LastUpgradeCheck = 1320;
				TargetAttributes = {
					486552D729DA9E7000AFB1D3 = {
						CreatedOnToolsVersion = 13.2.1;
					};
				};
			};
			buildConfigurationList = 486552D329DA9E7000AFB1D3 /* Build configuration list for PBXProject "Pizza" */;
			compatibilityVersion = "Xcode 13.0";
			developmentRegion = en;
			hasScannedForEncodings = 0;
			knownRegions = (
				en,
				Base,
			);
			mainGroup = 486552CF29DA9E7000AFB1D3;
			productRefGroup = 486552D929DA9E7000AFB1D3 /* Products */;
			projectDirPath = "";
			projectRoot = "";
			targets = (
				486552D729DA9E7000AFB1D3 /* Pizza */,
			);
		};
/* End PBXProject section */

/* Begin PBXResourcesBuildPhase section */
		486552D629DA9E7000AFB1D3 /* Resources */ = {
			isa = PBXResourcesBuildPhase;
			buildActionMask = 2147483647;
			files = (
				486552E829DA9E7100AFB1D3 /* LaunchScreen.storyboard in Resources */,
				486552E529DA9E7100AFB1D3 /* Assets.xcassets in Resources */,
				484CF5EB29DD58BE00A4E0DE /* GoogleService-Info.plist in Resources */,
			);
			runOnlyForDeploymentPostprocessing = 0;
		};
/* End PBXResourcesBuildPhase section */

/* Begin PBXShellScriptBuildPhase section */
		2AD945C0AD62C2494A352D30 /* [CP] Embed Pods Frameworks */ = {
			isa = PBXShellScriptBuildPhase;
			buildActionMask = 2147483647;
			files = (
			);
			inputFileListPaths = (
				"${PODS_ROOT}/Target Support Files/Pods-Pizza/Pods-Pizza-frameworks-${CONFIGURATION}-input-files.xcfilelist",
			);
			name = "[CP] Embed Pods Frameworks";
			outputFileListPaths = (
				"${PODS_ROOT}/Target Support Files/Pods-Pizza/Pods-Pizza-frameworks-${CONFIGURATION}-output-files.xcfilelist",
			);
			runOnlyForDeploymentPostprocessing = 0;
			shellPath = /bin/sh;
			shellScript = "\"${PODS_ROOT}/Target Support Files/Pods-Pizza/Pods-Pizza-frameworks.sh\"\n";
			showEnvVarsInLog = 0;
		};
		723A7627355B2F6623059471 /* [CP] Check Pods Manifest.lock */ = {
			isa = PBXShellScriptBuildPhase;
			buildActionMask = 2147483647;
			files = (
			);
			inputFileListPaths = (
			);
			inputPaths = (
				"${PODS_PODFILE_DIR_PATH}/Podfile.lock",
				"${PODS_ROOT}/Manifest.lock",
			);
			name = "[CP] Check Pods Manifest.lock";
			outputFileListPaths = (
			);
			outputPaths = (
				"$(DERIVED_FILE_DIR)/Pods-Pizza-checkManifestLockResult.txt",
			);
			runOnlyForDeploymentPostprocessing = 0;
			shellPath = /bin/sh;
			shellScript = "diff \"${PODS_PODFILE_DIR_PATH}/Podfile.lock\" \"${PODS_ROOT}/Manifest.lock\" > /dev/null\nif [ $? != 0 ] ; then\n    # print error to STDERR\n    echo \"error: The sandbox is not in sync with the Podfile.lock. Run 'pod install' or update your CocoaPods installation.\" >&2\n    exit 1\nfi\n# This output is used by Xcode 'outputs' to avoid re-running this script phase.\necho \"SUCCESS\" > \"${SCRIPT_OUTPUT_FILE_0}\"\n";
			showEnvVarsInLog = 0;
		};
/* End PBXShellScriptBuildPhase section */

/* Begin PBXSourcesBuildPhase section */
		486552D429DA9E7000AFB1D3 /* Sources */ = {
			isa = PBXSourcesBuildPhase;
			buildActionMask = 2147483647;
			files = (
				4847634629DB1C6B00496CA5 /* SelectCategoryCollectionViewCell.swift in Sources */,
				486552E029DA9E7000AFB1D3 /* MenuViewController.swift in Sources */,
				4847634129DAF22A00496CA5 /* MenuView.swift in Sources */,
				4846A35829DCAA0600F5A619 /* MenuVcBuilder.swift in Sources */,
				4846A35B29DCAA9200F5A619 /* MenuVcPresenter.swift in Sources */,
				4847634429DAF4B000496CA5 /* ProductTableViewCell.swift in Sources */,
				485645DD29DC006A00F8734A /* ProductModel.swift in Sources */,
				486552DC29DA9E7000AFB1D3 /* AppDelegate.swift in Sources */,
				486552F829DAA4D100AFB1D3 /* AppStartBuilder.swift in Sources */,
				4865530229DAB49A00AFB1D3 /* CartVC.swift in Sources */,
				485645DB29DBFA2C00F8734A /* Extention+UIColor.swift in Sources */,
				4847634929DB215100496CA5 /* SelectCategoryCell.swift in Sources */,
				4865530429DAB4BA00AFB1D3 /* ProfilVC.swift in Sources */,
				484CF5ED29DD5CBE00A4E0DE /* NetworkManager.swift in Sources */,
				485645D429DBF52B00F8734A /* ProductType.swift in Sources */,
				4865530629DAB4CF00AFB1D3 /* ContactVC.swift in Sources */,
				48E29FAA29DC3A2500474D30 /* DiscounCollectionCell.swift in Sources */,
				486552DE29DA9E7000AFB1D3 /* SceneDelegate.swift in Sources */,
			);
			runOnlyForDeploymentPostprocessing = 0;
		};
/* End PBXSourcesBuildPhase section */

/* Begin PBXVariantGroup section */
		486552E629DA9E7100AFB1D3 /* LaunchScreen.storyboard */ = {
			isa = PBXVariantGroup;
			children = (
				486552E729DA9E7100AFB1D3 /* Base */,
			);
			name = LaunchScreen.storyboard;
			sourceTree = "<group>";
		};
/* End PBXVariantGroup section */

/* Begin XCBuildConfiguration section */
		486552EA29DA9E7100AFB1D3 /* Debug */ = {
			isa = XCBuildConfiguration;
			buildSettings = {
				ALWAYS_SEARCH_USER_PATHS = NO;
				CLANG_ANALYZER_NONNULL = YES;
				CLANG_ANALYZER_NUMBER_OBJECT_CONVERSION = YES_AGGRESSIVE;
				CLANG_CXX_LANGUAGE_STANDARD = "gnu++17";
				CLANG_CXX_LIBRARY = "libc++";
				CLANG_ENABLE_MODULES = YES;
				CLANG_ENABLE_OBJC_ARC = YES;
				CLANG_ENABLE_OBJC_WEAK = YES;
				CLANG_WARN_BLOCK_CAPTURE_AUTORELEASING = YES;
				CLANG_WARN_BOOL_CONVERSION = YES;
				CLANG_WARN_COMMA = YES;
				CLANG_WARN_CONSTANT_CONVERSION = YES;
				CLANG_WARN_DEPRECATED_OBJC_IMPLEMENTATIONS = YES;
				CLANG_WARN_DIRECT_OBJC_ISA_USAGE = YES_ERROR;
				CLANG_WARN_DOCUMENTATION_COMMENTS = YES;
				CLANG_WARN_EMPTY_BODY = YES;
				CLANG_WARN_ENUM_CONVERSION = YES;
				CLANG_WARN_INFINITE_RECURSION = YES;
				CLANG_WARN_INT_CONVERSION = YES;
				CLANG_WARN_NON_LITERAL_NULL_CONVERSION = YES;
				CLANG_WARN_OBJC_IMPLICIT_RETAIN_SELF = YES;
				CLANG_WARN_OBJC_LITERAL_CONVERSION = YES;
				CLANG_WARN_OBJC_ROOT_CLASS = YES_ERROR;
				CLANG_WARN_QUOTED_INCLUDE_IN_FRAMEWORK_HEADER = YES;
				CLANG_WARN_RANGE_LOOP_ANALYSIS = YES;
				CLANG_WARN_STRICT_PROTOTYPES = YES;
				CLANG_WARN_SUSPICIOUS_MOVE = YES;
				CLANG_WARN_UNGUARDED_AVAILABILITY = YES_AGGRESSIVE;
				CLANG_WARN_UNREACHABLE_CODE = YES;
				CLANG_WARN__DUPLICATE_METHOD_MATCH = YES;
				COPY_PHASE_STRIP = NO;
				DEBUG_INFORMATION_FORMAT = dwarf;
				ENABLE_STRICT_OBJC_MSGSEND = YES;
				ENABLE_TESTABILITY = YES;
				GCC_C_LANGUAGE_STANDARD = gnu11;
				GCC_DYNAMIC_NO_PIC = NO;
				GCC_NO_COMMON_BLOCKS = YES;
				GCC_OPTIMIZATION_LEVEL = 0;
				GCC_PREPROCESSOR_DEFINITIONS = (
					"DEBUG=1",
					"$(inherited)",
				);
				GCC_WARN_64_TO_32_BIT_CONVERSION = YES;
				GCC_WARN_ABOUT_RETURN_TYPE = YES_ERROR;
				GCC_WARN_UNDECLARED_SELECTOR = YES;
				GCC_WARN_UNINITIALIZED_AUTOS = YES_AGGRESSIVE;
				GCC_WARN_UNUSED_FUNCTION = YES;
				GCC_WARN_UNUSED_VARIABLE = YES;
				IPHONEOS_DEPLOYMENT_TARGET = 15.2;
				MTL_ENABLE_DEBUG_INFO = INCLUDE_SOURCE;
				MTL_FAST_MATH = YES;
				ONLY_ACTIVE_ARCH = YES;
				SDKROOT = iphoneos;
				SWIFT_ACTIVE_COMPILATION_CONDITIONS = DEBUG;
				SWIFT_OPTIMIZATION_LEVEL = "-Onone";
			};
			name = Debug;
		};
		486552EB29DA9E7100AFB1D3 /* Release */ = {
			isa = XCBuildConfiguration;
			buildSettings = {
				ALWAYS_SEARCH_USER_PATHS = NO;
				CLANG_ANALYZER_NONNULL = YES;
				CLANG_ANALYZER_NUMBER_OBJECT_CONVERSION = YES_AGGRESSIVE;
				CLANG_CXX_LANGUAGE_STANDARD = "gnu++17";
				CLANG_CXX_LIBRARY = "libc++";
				CLANG_ENABLE_MODULES = YES;
				CLANG_ENABLE_OBJC_ARC = YES;
				CLANG_ENABLE_OBJC_WEAK = YES;
				CLANG_WARN_BLOCK_CAPTURE_AUTORELEASING = YES;
				CLANG_WARN_BOOL_CONVERSION = YES;
				CLANG_WARN_COMMA = YES;
				CLANG_WARN_CONSTANT_CONVERSION = YES;
				CLANG_WARN_DEPRECATED_OBJC_IMPLEMENTATIONS = YES;
				CLANG_WARN_DIRECT_OBJC_ISA_USAGE = YES_ERROR;
				CLANG_WARN_DOCUMENTATION_COMMENTS = YES;
				CLANG_WARN_EMPTY_BODY = YES;
				CLANG_WARN_ENUM_CONVERSION = YES;
				CLANG_WARN_INFINITE_RECURSION = YES;
				CLANG_WARN_INT_CONVERSION = YES;
				CLANG_WARN_NON_LITERAL_NULL_CONVERSION = YES;
				CLANG_WARN_OBJC_IMPLICIT_RETAIN_SELF = YES;
				CLANG_WARN_OBJC_LITERAL_CONVERSION = YES;
				CLANG_WARN_OBJC_ROOT_CLASS = YES_ERROR;
				CLANG_WARN_QUOTED_INCLUDE_IN_FRAMEWORK_HEADER = YES;
				CLANG_WARN_RANGE_LOOP_ANALYSIS = YES;
				CLANG_WARN_STRICT_PROTOTYPES = YES;
				CLANG_WARN_SUSPICIOUS_MOVE = YES;
				CLANG_WARN_UNGUARDED_AVAILABILITY = YES_AGGRESSIVE;
				CLANG_WARN_UNREACHABLE_CODE = YES;
				CLANG_WARN__DUPLICATE_METHOD_MATCH = YES;
				COPY_PHASE_STRIP = NO;
				DEBUG_INFORMATION_FORMAT = "dwarf-with-dsym";
				ENABLE_NS_ASSERTIONS = NO;
				ENABLE_STRICT_OBJC_MSGSEND = YES;
				GCC_C_LANGUAGE_STANDARD = gnu11;
				GCC_NO_COMMON_BLOCKS = YES;
				GCC_WARN_64_TO_32_BIT_CONVERSION = YES;
				GCC_WARN_ABOUT_RETURN_TYPE = YES_ERROR;
				GCC_WARN_UNDECLARED_SELECTOR = YES;
				GCC_WARN_UNINITIALIZED_AUTOS = YES_AGGRESSIVE;
				GCC_WARN_UNUSED_FUNCTION = YES;
				GCC_WARN_UNUSED_VARIABLE = YES;
				IPHONEOS_DEPLOYMENT_TARGET = 15.2;
				MTL_ENABLE_DEBUG_INFO = NO;
				MTL_FAST_MATH = YES;
				SDKROOT = iphoneos;
				SWIFT_COMPILATION_MODE = wholemodule;
				SWIFT_OPTIMIZATION_LEVEL = "-O";
				VALIDATE_PRODUCT = YES;
			};
			name = Release;
		};
		486552ED29DA9E7100AFB1D3 /* Debug */ = {
			isa = XCBuildConfiguration;
			baseConfigurationReference = 448B4EB9465BA294EC0172F3 /* Pods-Pizza.debug.xcconfig */;
			buildSettings = {
				ASSETCATALOG_COMPILER_APPICON_NAME = AppIcon;
				ASSETCATALOG_COMPILER_GLOBAL_ACCENT_COLOR_NAME = AccentColor;
				CODE_SIGN_STYLE = Automatic;
				CURRENT_PROJECT_VERSION = 1;
				DEVELOPMENT_TEAM = M95S853Q8R;
				GENERATE_INFOPLIST_FILE = YES;
				INFOPLIST_FILE = Pizza/Resources/Info.plist;
				INFOPLIST_KEY_CFBundleDisplayName = Pizza;
				INFOPLIST_KEY_UIApplicationSupportsIndirectInputEvents = YES;
				INFOPLIST_KEY_UILaunchStoryboardName = LaunchScreen;
				INFOPLIST_KEY_UISupportedInterfaceOrientations = UIInterfaceOrientationPortrait;
				INFOPLIST_KEY_UISupportedInterfaceOrientations_iPad = "UIInterfaceOrientationPortrait UIInterfaceOrientationPortraitUpsideDown UIInterfaceOrientationLandscapeLeft UIInterfaceOrientationLandscapeRight";
				INFOPLIST_KEY_UISupportedInterfaceOrientations_iPhone = "UIInterfaceOrientationPortrait UIInterfaceOrientationLandscapeLeft UIInterfaceOrientationLandscapeRight";
				LD_RUNPATH_SEARCH_PATHS = (
					"$(inherited)",
					"@executable_path/Frameworks",
				);
				MARKETING_VERSION = 1.0;
				PRODUCT_BUNDLE_IDENTIFIER = ART.Pizza;
				PRODUCT_NAME = "$(TARGET_NAME)";
				SWIFT_EMIT_LOC_STRINGS = YES;
				SWIFT_VERSION = 5.0;
				TARGETED_DEVICE_FAMILY = "1,2";
			};
			name = Debug;
		};
		486552EE29DA9E7100AFB1D3 /* Release */ = {
			isa = XCBuildConfiguration;
			baseConfigurationReference = FDAE9A7DD51BE9C96EFF9F79 /* Pods-Pizza.release.xcconfig */;
			buildSettings = {
				ASSETCATALOG_COMPILER_APPICON_NAME = AppIcon;
				ASSETCATALOG_COMPILER_GLOBAL_ACCENT_COLOR_NAME = AccentColor;
				CODE_SIGN_STYLE = Automatic;
				CURRENT_PROJECT_VERSION = 1;
				DEVELOPMENT_TEAM = M95S853Q8R;
				GENERATE_INFOPLIST_FILE = YES;
				INFOPLIST_FILE = Pizza/Resources/Info.plist;
				INFOPLIST_KEY_CFBundleDisplayName = Pizza;
				INFOPLIST_KEY_UIApplicationSupportsIndirectInputEvents = YES;
				INFOPLIST_KEY_UILaunchStoryboardName = LaunchScreen;
				INFOPLIST_KEY_UISupportedInterfaceOrientations = UIInterfaceOrientationPortrait;
				INFOPLIST_KEY_UISupportedInterfaceOrientations_iPad = "UIInterfaceOrientationPortrait UIInterfaceOrientationPortraitUpsideDown UIInterfaceOrientationLandscapeLeft UIInterfaceOrientationLandscapeRight";
				INFOPLIST_KEY_UISupportedInterfaceOrientations_iPhone = "UIInterfaceOrientationPortrait UIInterfaceOrientationLandscapeLeft UIInterfaceOrientationLandscapeRight";
				LD_RUNPATH_SEARCH_PATHS = (
					"$(inherited)",
					"@executable_path/Frameworks",
				);
				MARKETING_VERSION = 1.0;
				PRODUCT_BUNDLE_IDENTIFIER = ART.Pizza;
				PRODUCT_NAME = "$(TARGET_NAME)";
				SWIFT_EMIT_LOC_STRINGS = YES;
				SWIFT_VERSION = 5.0;
				TARGETED_DEVICE_FAMILY = "1,2";
			};
			name = Release;
		};
/* End XCBuildConfiguration section */

/* Begin XCConfigurationList section */
		486552D329DA9E7000AFB1D3 /* Build configuration list for PBXProject "Pizza" */ = {
			isa = XCConfigurationList;
			buildConfigurations = (
				486552EA29DA9E7100AFB1D3 /* Debug */,
				486552EB29DA9E7100AFB1D3 /* Release */,
			);
			defaultConfigurationIsVisible = 0;
			defaultConfigurationName = Release;
		};
		486552EC29DA9E7100AFB1D3 /* Build configuration list for PBXNativeTarget "Pizza" */ = {
			isa = XCConfigurationList;
			buildConfigurations = (
				486552ED29DA9E7100AFB1D3 /* Debug */,
				486552EE29DA9E7100AFB1D3 /* Release */,
			);
			defaultConfigurationIsVisible = 0;
			defaultConfigurationName = Release;
		};
/* End XCConfigurationList section */
	};
	rootObject = 486552D029DA9E7000AFB1D3 /* Project object */;
}
